// !$*UTF8*$!
{
	archiveVersion = 1;
	classes = {
	};
	objectVersion = 55;
	objects = {

/* Begin PBXBuildFile section */
		C4F0255428CABED200FAE1F4 /* AppDelegate.swift in Sources */ = {isa = PBXBuildFile; fileRef = C4F0255328CABED200FAE1F4 /* AppDelegate.swift */; };
		C4F0255628CABED200FAE1F4 /* SceneDelegate.swift in Sources */ = {isa = PBXBuildFile; fileRef = C4F0255528CABED200FAE1F4 /* SceneDelegate.swift */; };
		C4F0255828CABED200FAE1F4 /* ViewController.swift in Sources */ = {isa = PBXBuildFile; fileRef = C4F0255728CABED200FAE1F4 /* ViewController.swift */; };
		C4F0255B28CABED200FAE1F4 /* Main.storyboard in Resources */ = {isa = PBXBuildFile; fileRef = C4F0255928CABED200FAE1F4 /* Main.storyboard */; };
		C4F0255D28CABED600FAE1F4 /* Assets.xcassets in Resources */ = {isa = PBXBuildFile; fileRef = C4F0255C28CABED600FAE1F4 /* Assets.xcassets */; };
		C4F0256028CABED600FAE1F4 /* LaunchScreen.storyboard in Resources */ = {isa = PBXBuildFile; fileRef = C4F0255E28CABED600FAE1F4 /* LaunchScreen.storyboard */; };
		C4F0256B28CABED600FAE1F4 /* SortAppTests.swift in Sources */ = {isa = PBXBuildFile; fileRef = C4F0256A28CABED600FAE1F4 /* SortAppTests.swift */; };
		C4F0257528CABED600FAE1F4 /* SortAppUITests.swift in Sources */ = {isa = PBXBuildFile; fileRef = C4F0257428CABED600FAE1F4 /* SortAppUITests.swift */; };
		C4F0257728CABED600FAE1F4 /* SortAppUITestsLaunchTests.swift in Sources */ = {isa = PBXBuildFile; fileRef = C4F0257628CABED600FAE1F4 /* SortAppUITestsLaunchTests.swift */; };
/* End PBXBuildFile section */

/* Begin PBXContainerItemProxy section */
		C4F0256728CABED600FAE1F4 /* PBXContainerItemProxy */ = {
			isa = PBXContainerItemProxy;
			containerPortal = C4F0254828CABED200FAE1F4 /* Project object */;
			proxyType = 1;
			remoteGlobalIDString = C4F0254F28CABED200FAE1F4;
			remoteInfo = SortApp;
		};
		C4F0257128CABED600FAE1F4 /* PBXContainerItemProxy */ = {
			isa = PBXContainerItemProxy;
			containerPortal = C4F0254828CABED200FAE1F4 /* Project object */;
			proxyType = 1;
			remoteGlobalIDString = C4F0254F28CABED200FAE1F4;
			remoteInfo = SortApp;
		};
/* End PBXContainerItemProxy section */

/* Begin PBXFileReference section */
		C4F0255028CABED200FAE1F4 /* SortApp.app */ = {isa = PBXFileReference; explicitFileType = wrapper.application; includeInIndex = 0; path = SortApp.app; sourceTree = BUILT_PRODUCTS_DIR; };
		C4F0255328CABED200FAE1F4 /* AppDelegate.swift */ = {isa = PBXFileReference; lastKnownFileType = sourcecode.swift; path = AppDelegate.swift; sourceTree = "<group>"; };
		C4F0255528CABED200FAE1F4 /* SceneDelegate.swift */ = {isa = PBXFileReference; lastKnownFileType = sourcecode.swift; path = SceneDelegate.swift; sourceTree = "<group>"; };
		C4F0255728CABED200FAE1F4 /* ViewController.swift */ = {isa = PBXFileReference; lastKnownFileType = sourcecode.swift; path = ViewController.swift; sourceTree = "<group>"; };
		C4F0255A28CABED200FAE1F4 /* Base */ = {isa = PBXFileReference; lastKnownFileType = file.storyboard; name = Base; path = Base.lproj/Main.storyboard; sourceTree = "<group>"; };
		C4F0255C28CABED600FAE1F4 /* Assets.xcassets */ = {isa = PBXFileReference; lastKnownFileType = folder.assetcatalog; path = Assets.xcassets; sourceTree = "<group>"; };
		C4F0255F28CABED600FAE1F4 /* Base */ = {isa = PBXFileReference; lastKnownFileType = file.storyboard; name = Base; path = Base.lproj/LaunchScreen.storyboard; sourceTree = "<group>"; };
		C4F0256128CABED600FAE1F4 /* Info.plist */ = {isa = PBXFileReference; lastKnownFileType = text.plist.xml; path = Info.plist; sourceTree = "<group>"; };
		C4F0256628CABED600FAE1F4 /* SortAppTests.xctest */ = {isa = PBXFileReference; explicitFileType = wrapper.cfbundle; includeInIndex = 0; path = SortAppTests.xctest; sourceTree = BUILT_PRODUCTS_DIR; };
		C4F0256A28CABED600FAE1F4 /* SortAppTests.swift */ = {isa = PBXFileReference; lastKnownFileType = sourcecode.swift; path = SortAppTests.swift; sourceTree = "<group>"; };
		C4F0257028CABED600FAE1F4 /* SortAppUITests.xctest */ = {isa = PBXFileReference; explicitFileType = wrapper.cfbundle; includeInIndex = 0; path = SortAppUITests.xctest; sourceTree = BUILT_PRODUCTS_DIR; };
		C4F0257428CABED600FAE1F4 /* SortAppUITests.swift */ = {isa = PBXFileReference; lastKnownFileType = sourcecode.swift; path = SortAppUITests.swift; sourceTree = "<group>"; };
		C4F0257628CABED600FAE1F4 /* SortAppUITestsLaunchTests.swift */ = {isa = PBXFileReference; lastKnownFileType = sourcecode.swift; path = SortAppUITestsLaunchTests.swift; sourceTree = "<group>"; };
/* End PBXFileReference section */

/* Begin PBXFrameworksBuildPhase section */
		C4F0254D28CABED200FAE1F4 /* Frameworks */ = {
			isa = PBXFrameworksBuildPhase;
			buildActionMask = 2147483647;
			files = (
			);
			runOnlyForDeploymentPostprocessing = 0;
		};
		C4F0256328CABED600FAE1F4 /* Frameworks */ = {
			isa = PBXFrameworksBuildPhase;
			buildActionMask = 2147483647;
			files = (
			);
			runOnlyForDeploymentPostprocessing = 0;
		};
		C4F0256D28CABED600FAE1F4 /* Frameworks */ = {
			isa = PBXFrameworksBuildPhase;
			buildActionMask = 2147483647;
			files = (
			);
			runOnlyForDeploymentPostprocessing = 0;
		};
/* End PBXFrameworksBuildPhase section */

/* Begin PBXGroup section */
		C4F0254728CABED200FAE1F4 = {
			isa = PBXGroup;
			children = (
				C4F0255228CABED200FAE1F4 /* SortApp */,
				C4F0256928CABED600FAE1F4 /* SortAppTests */,
				C4F0257328CABED600FAE1F4 /* SortAppUITests */,
				C4F0255128CABED200FAE1F4 /* Products */,
			);
			sourceTree = "<group>";
		};
		C4F0255128CABED200FAE1F4 /* Products */ = {
			isa = PBXGroup;
			children = (
				C4F0255028CABED200FAE1F4 /* SortApp.app */,
				C4F0256628CABED600FAE1F4 /* SortAppTests.xctest */,
				C4F0257028CABED600FAE1F4 /* SortAppUITests.xctest */,
			);
			name = Products;
			sourceTree = "<group>";
		};
		C4F0255228CABED200FAE1F4 /* SortApp */ = {
			isa = PBXGroup;
			children = (
				C4F0255328CABED200FAE1F4 /* AppDelegate.swift */,
				C4F0255528CABED200FAE1F4 /* SceneDelegate.swift */,
				C4F0255728CABED200FAE1F4 /* ViewController.swift */,
				C4F0255928CABED200FAE1F4 /* Main.storyboard */,
				C4F0255C28CABED600FAE1F4 /* Assets.xcassets */,
				C4F0255E28CABED600FAE1F4 /* LaunchScreen.storyboard */,
				C4F0256128CABED600FAE1F4 /* Info.plist */,
			);
			path = SortApp;
			sourceTree = "<group>";
		};
		C4F0256928CABED600FAE1F4 /* SortAppTests */ = {
			isa = PBXGroup;
			children = (
				C4F0256A28CABED600FAE1F4 /* SortAppTests.swift */,
			);
			path = SortAppTests;
			sourceTree = "<group>";
		};
		C4F0257328CABED600FAE1F4 /* SortAppUITests */ = {
			isa = PBXGroup;
			children = (
				C4F0257428CABED600FAE1F4 /* SortAppUITests.swift */,
				C4F0257628CABED600FAE1F4 /* SortAppUITestsLaunchTests.swift */,
			);
			path = SortAppUITests;
			sourceTree = "<group>";
		};
/* End PBXGroup section */

/* Begin PBXNativeTarget section */
		C4F0254F28CABED200FAE1F4 /* SortApp */ = {
			isa = PBXNativeTarget;
			buildConfigurationList = C4F0257A28CABED600FAE1F4 /* Build configuration list for PBXNativeTarget "SortApp" */;
			buildPhases = (
				C4F0254C28CABED200FAE1F4 /* Sources */,
				C4F0254D28CABED200FAE1F4 /* Frameworks */,
				C4F0254E28CABED200FAE1F4 /* Resources */,
			);
			buildRules = (
			);
			dependencies = (
			);
			name = SortApp;
			productName = SortApp;
			productReference = C4F0255028CABED200FAE1F4 /* SortApp.app */;
			productType = "com.apple.product-type.application";
		};
		C4F0256528CABED600FAE1F4 /* SortAppTests */ = {
			isa = PBXNativeTarget;
			buildConfigurationList = C4F0257D28CABED600FAE1F4 /* Build configuration list for PBXNativeTarget "SortAppTests" */;
			buildPhases = (
				C4F0256228CABED600FAE1F4 /* Sources */,
				C4F0256328CABED600FAE1F4 /* Frameworks */,
				C4F0256428CABED600FAE1F4 /* Resources */,
			);
			buildRules = (
			);
			dependencies = (
				C4F0256828CABED600FAE1F4 /* PBXTargetDependency */,
			);
			name = SortAppTests;
			productName = SortAppTests;
			productReference = C4F0256628CABED600FAE1F4 /* SortAppTests.xctest */;
			productType = "com.apple.product-type.bundle.unit-test";
		};
		C4F0256F28CABED600FAE1F4 /* SortAppUITests */ = {
			isa = PBXNativeTarget;
			buildConfigurationList = C4F0258028CABED600FAE1F4 /* Build configuration list for PBXNativeTarget "SortAppUITests" */;
			buildPhases = (
				C4F0256C28CABED600FAE1F4 /* Sources */,
				C4F0256D28CABED600FAE1F4 /* Frameworks */,
				C4F0256E28CABED600FAE1F4 /* Resources */,
			);
			buildRules = (
			);
			dependencies = (
				C4F0257228CABED600FAE1F4 /* PBXTargetDependency */,
			);
			name = SortAppUITests;
			productName = SortAppUITests;
			productReference = C4F0257028CABED600FAE1F4 /* SortAppUITests.xctest */;
			productType = "com.apple.product-type.bundle.ui-testing";
		};
/* End PBXNativeTarget section */

/* Begin PBXProject section */
		C4F0254828CABED200FAE1F4 /* Project object */ = {
			isa = PBXProject;
			attributes = {
				BuildIndependentTargetsInParallel = 1;
				LastSwiftUpdateCheck = 1340;
				LastUpgradeCheck = 1340;
				TargetAttributes = {
					C4F0254F28CABED200FAE1F4 = {
						CreatedOnToolsVersion = 13.4.1;
					};
					C4F0256528CABED600FAE1F4 = {
						CreatedOnToolsVersion = 13.4.1;
						TestTargetID = C4F0254F28CABED200FAE1F4;
					};
					C4F0256F28CABED600FAE1F4 = {
						CreatedOnToolsVersion = 13.4.1;
						TestTargetID = C4F0254F28CABED200FAE1F4;
					};
				};
			};
			buildConfigurationList = C4F0254B28CABED200FAE1F4 /* Build configuration list for PBXProject "SortApp" */;
			compatibilityVersion = "Xcode 13.0";
			developmentRegion = en;
			hasScannedForEncodings = 0;
			knownRegions = (
				en,
				Base,
			);
			mainGroup = C4F0254728CABED200FAE1F4;
			productRefGroup = C4F0255128CABED200FAE1F4 /* Products */;
			projectDirPath = "";
			projectRoot = "";
			targets = (
				C4F0254F28CABED200FAE1F4 /* SortApp */,
				C4F0256528CABED600FAE1F4 /* SortAppTests */,
				C4F0256F28CABED600FAE1F4 /* SortAppUITests */,
			);
		};
/* End PBXProject section */

/* Begin PBXResourcesBuildPhase section */
		C4F0254E28CABED200FAE1F4 /* Resources */ = {
			isa = PBXResourcesBuildPhase;
			buildActionMask = 2147483647;
			files = (
				C4F0256028CABED600FAE1F4 /* LaunchScreen.storyboard in Resources */,
				C4F0255D28CABED600FAE1F4 /* Assets.xcassets in Resources */,
				C4F0255B28CABED200FAE1F4 /* Main.storyboard in Resources */,
			);
			runOnlyForDeploymentPostprocessing = 0;
		};
		C4F0256428CABED600FAE1F4 /* Resources */ = {
			isa = PBXResourcesBuildPhase;
			buildActionMask = 2147483647;
			files = (
			);
			runOnlyForDeploymentPostprocessing = 0;
		};
		C4F0256E28CABED600FAE1F4 /* Resources */ = {
			isa = PBXResourcesBuildPhase;
			buildActionMask = 2147483647;
			files = (
			);
			runOnlyForDeploymentPostprocessing = 0;
		};
/* End PBXResourcesBuildPhase section */

/* Begin PBXSourcesBuildPhase section */
		C4F0254C28CABED200FAE1F4 /* Sources */ = {
			isa = PBXSourcesBuildPhase;
			buildActionMask = 2147483647;
			files = (
				C4F0255828CABED200FAE1F4 /* ViewController.swift in Sources */,
				C4F0255428CABED200FAE1F4 /* AppDelegate.swift in Sources */,
				C4F0255628CABED200FAE1F4 /* SceneDelegate.swift in Sources */,
			);
			runOnlyForDeploymentPostprocessing = 0;
		};
		C4F0256228CABED600FAE1F4 /* Sources */ = {
			isa = PBXSourcesBuildPhase;
			buildActionMask = 2147483647;
			files = (
				C4F0256B28CABED600FAE1F4 /* SortAppTests.swift in Sources */,
			);
			runOnlyForDeploymentPostprocessing = 0;
		};
		C4F0256C28CABED600FAE1F4 /* Sources */ = {
			isa = PBXSourcesBuildPhase;
			buildActionMask = 2147483647;
			files = (
				C4F0257728CABED600FAE1F4 /* SortAppUITestsLaunchTests.swift in Sources */,
				C4F0257528CABED600FAE1F4 /* SortAppUITests.swift in Sources */,
			);
			runOnlyForDeploymentPostprocessing = 0;
		};
/* End PBXSourcesBuildPhase section */

/* Begin PBXTargetDependency section */
		C4F0256828CABED600FAE1F4 /* PBXTargetDependency */ = {
			isa = PBXTargetDependency;
			target = C4F0254F28CABED200FAE1F4 /* SortApp */;
			targetProxy = C4F0256728CABED600FAE1F4 /* PBXContainerItemProxy */;
		};
		C4F0257228CABED600FAE1F4 /* PBXTargetDependency */ = {
			isa = PBXTargetDependency;
			target = C4F0254F28CABED200FAE1F4 /* SortApp */;
			targetProxy = C4F0257128CABED600FAE1F4 /* PBXContainerItemProxy */;
		};
/* End PBXTargetDependency section */

/* Begin PBXVariantGroup section */
		C4F0255928CABED200FAE1F4 /* Main.storyboard */ = {
			isa = PBXVariantGroup;
			children = (
				C4F0255A28CABED200FAE1F4 /* Base */,
			);
			name = Main.storyboard;
			sourceTree = "<group>";
		};
		C4F0255E28CABED600FAE1F4 /* LaunchScreen.storyboard */ = {
			isa = PBXVariantGroup;
			children = (
				C4F0255F28CABED600FAE1F4 /* Base */,
			);
			name = LaunchScreen.storyboard;
			sourceTree = "<group>";
		};
/* End PBXVariantGroup section */

/* Begin XCBuildConfiguration section */
		C4F0257828CABED600FAE1F4 /* Debug */ = {
			isa = XCBuildConfiguration;
			buildSettings = {
				ALWAYS_SEARCH_USER_PATHS = NO;
				CLANG_ANALYZER_NONNULL = YES;
				CLANG_ANALYZER_NUMBER_OBJECT_CONVERSION = YES_AGGRESSIVE;
				CLANG_CXX_LANGUAGE_STANDARD = "gnu++17";
				CLANG_ENABLE_MODULES = YES;
				CLANG_ENABLE_OBJC_ARC = YES;
				CLANG_ENABLE_OBJC_WEAK = YES;
				CLANG_WARN_BLOCK_CAPTURE_AUTORELEASING = YES;
				CLANG_WARN_BOOL_CONVERSION = YES;
				CLANG_WARN_COMMA = YES;
				CLANG_WARN_CONSTANT_CONVERSION = YES;
				CLANG_WARN_DEPRECATED_OBJC_IMPLEMENTATIONS = YES;
				CLANG_WARN_DIRECT_OBJC_ISA_USAGE = YES_ERROR;
				CLANG_WARN_DOCUMENTATION_COMMENTS = YES;
				CLANG_WARN_EMPTY_BODY = YES;
				CLANG_WARN_ENUM_CONVERSION = YES;
				CLANG_WARN_INFINITE_RECURSION = YES;
				CLANG_WARN_INT_CONVERSION = YES;
				CLANG_WARN_NON_LITERAL_NULL_CONVERSION = YES;
				CLANG_WARN_OBJC_IMPLICIT_RETAIN_SELF = YES;
				CLANG_WARN_OBJC_LITERAL_CONVERSION = YES;
				CLANG_WARN_OBJC_ROOT_CLASS = YES_ERROR;
				CLANG_WARN_QUOTED_INCLUDE_IN_FRAMEWORK_HEADER = YES;
				CLANG_WARN_RANGE_LOOP_ANALYSIS = YES;
				CLANG_WARN_STRICT_PROTOTYPES = YES;
				CLANG_WARN_SUSPICIOUS_MOVE = YES;
				CLANG_WARN_UNGUARDED_AVAILABILITY = YES_AGGRESSIVE;
				CLANG_WARN_UNREACHABLE_CODE = YES;
				CLANG_WARN__DUPLICATE_METHOD_MATCH = YES;
				COPY_PHASE_STRIP = NO;
				DEBUG_INFORMATION_FORMAT = dwarf;
				ENABLE_STRICT_OBJC_MSGSEND = YES;
				ENABLE_TESTABILITY = YES;
				GCC_C_LANGUAGE_STANDARD = gnu11;
				GCC_DYNAMIC_NO_PIC = NO;
				GCC_NO_COMMON_BLOCKS = YES;
				GCC_OPTIMIZATION_LEVEL = 0;
				GCC_PREPROCESSOR_DEFINITIONS = (
					"DEBUG=1",
					"$(inherited)",
				);
				GCC_WARN_64_TO_32_BIT_CONVERSION = YES;
				GCC_WARN_ABOUT_RETURN_TYPE = YES_ERROR;
				GCC_WARN_UNDECLARED_SELECTOR = YES;
				GCC_WARN_UNINITIALIZED_AUTOS = YES_AGGRESSIVE;
				GCC_WARN_UNUSED_FUNCTION = YES;
				GCC_WARN_UNUSED_VARIABLE = YES;
				IPHONEOS_DEPLOYMENT_TARGET = 15.5;
				MTL_ENABLE_DEBUG_INFO = INCLUDE_SOURCE;
				MTL_FAST_MATH = YES;
				ONLY_ACTIVE_ARCH = YES;
				SDKROOT = iphoneos;
				SWIFT_ACTIVE_COMPILATION_CONDITIONS = DEBUG;
				SWIFT_OPTIMIZATION_LEVEL = "-Onone";
			};
			name = Debug;
		};
		C4F0257928CABED600FAE1F4 /* Release */ = {
			isa = XCBuildConfiguration;
			buildSettings = {
				ALWAYS_SEARCH_USER_PATHS = NO;
				CLANG_ANALYZER_NONNULL = YES;
				CLANG_ANALYZER_NUMBER_OBJECT_CONVERSION = YES_AGGRESSIVE;
				CLANG_CXX_LANGUAGE_STANDARD = "gnu++17";
				CLANG_ENABLE_MODULES = YES;
				CLANG_ENABLE_OBJC_ARC = YES;
				CLANG_ENABLE_OBJC_WEAK = YES;
				CLANG_WARN_BLOCK_CAPTURE_AUTORELEASING = YES;
				CLANG_WARN_BOOL_CONVERSION = YES;
				CLANG_WARN_COMMA = YES;
				CLANG_WARN_CONSTANT_CONVERSION = YES;
				CLANG_WARN_DEPRECATED_OBJC_IMPLEMENTATIONS = YES;
				CLANG_WARN_DIRECT_OBJC_ISA_USAGE = YES_ERROR;
				CLANG_WARN_DOCUMENTATION_COMMENTS = YES;
				CLANG_WARN_EMPTY_BODY = YES;
				CLANG_WARN_ENUM_CONVERSION = YES;
				CLANG_WARN_INFINITE_RECURSION = YES;
				CLANG_WARN_INT_CONVERSION = YES;
				CLANG_WARN_NON_LITERAL_NULL_CONVERSION = YES;
				CLANG_WARN_OBJC_IMPLICIT_RETAIN_SELF = YES;
				CLANG_WARN_OBJC_LITERAL_CONVERSION = YES;
				CLANG_WARN_OBJC_ROOT_CLASS = YES_ERROR;
				CLANG_WARN_QUOTED_INCLUDE_IN_FRAMEWORK_HEADER = YES;
				CLANG_WARN_RANGE_LOOP_ANALYSIS = YES;
				CLANG_WARN_STRICT_PROTOTYPES = YES;
				CLANG_WARN_SUSPICIOUS_MOVE = YES;
				CLANG_WARN_UNGUARDED_AVAILABILITY = YES_AGGRESSIVE;
				CLANG_WARN_UNREACHABLE_CODE = YES;
				CLANG_WARN__DUPLICATE_METHOD_MATCH = YES;
				COPY_PHASE_STRIP = NO;
				DEBUG_INFORMATION_FORMAT = "dwarf-with-dsym";
				ENABLE_NS_ASSERTIONS = NO;
				ENABLE_STRICT_OBJC_MSGSEND = YES;
				GCC_C_LANGUAGE_STANDARD = gnu11;
				GCC_NO_COMMON_BLOCKS = YES;
				GCC_WARN_64_TO_32_BIT_CONVERSION = YES;
				GCC_WARN_ABOUT_RETURN_TYPE = YES_ERROR;
				GCC_WARN_UNDECLARED_SELECTOR = YES;
				GCC_WARN_UNINITIALIZED_AUTOS = YES_AGGRESSIVE;
				GCC_WARN_UNUSED_FUNCTION = YES;
				GCC_WARN_UNUSED_VARIABLE = YES;
				IPHONEOS_DEPLOYMENT_TARGET = 15.5;
				MTL_ENABLE_DEBUG_INFO = NO;
				MTL_FAST_MATH = YES;
				SDKROOT = iphoneos;
				SWIFT_COMPILATION_MODE = wholemodule;
				SWIFT_OPTIMIZATION_LEVEL = "-O";
				VALIDATE_PRODUCT = YES;
			};
			name = Release;
		};
		C4F0257B28CABED600FAE1F4 /* Debug */ = {
			isa = XCBuildConfiguration;
			buildSettings = {
				ASSETCATALOG_COMPILER_APPICON_NAME = AppIcon;
				ASSETCATALOG_COMPILER_GLOBAL_ACCENT_COLOR_NAME = AccentColor;
				CODE_SIGN_STYLE = Automatic;
				CURRENT_PROJECT_VERSION = 1;
				GENERATE_INFOPLIST_FILE = YES;
				INFOPLIST_FILE = SortApp/Info.plist;
				INFOPLIST_KEY_UIApplicationSupportsIndirectInputEvents = YES;
				INFOPLIST_KEY_UILaunchStoryboardName = LaunchScreen;
				INFOPLIST_KEY_UIMainStoryboardFile = Main;
				INFOPLIST_KEY_UISupportedInterfaceOrientations_iPad = "UIInterfaceOrientationPortrait UIInterfaceOrientationPortraitUpsideDown UIInterfaceOrientationLandscapeLeft UIInterfaceOrientationLandscapeRight";
				INFOPLIST_KEY_UISupportedInterfaceOrientations_iPhone = "UIInterfaceOrientationPortrait UIInterfaceOrientationLandscapeLeft UIInterfaceOrientationLandscapeRight";
				LD_RUNPATH_SEARCH_PATHS = (
					"$(inherited)",
					"@executable_path/Frameworks",
				);
				MARKETING_VERSION = 1.0;
				PRODUCT_BUNDLE_IDENTIFIER = com.sirikonda.sortapp.SortApp;
				PRODUCT_NAME = "$(TARGET_NAME)";
				SWIFT_EMIT_LOC_STRINGS = YES;
				SWIFT_VERSION = 5.0;
				TARGETED_DEVICE_FAMILY = "1,2";
			};
			name = Debug;
		};
		C4F0257C28CABED600FAE1F4 /* Release */ = {
			isa = XCBuildConfiguration;
			buildSettings = {
				ASSETCATALOG_COMPILER_APPICON_NAME = AppIcon;
				ASSETCATALOG_COMPILER_GLOBAL_ACCENT_COLOR_NAME = AccentColor;
				CODE_SIGN_STYLE = Automatic;
				CURRENT_PROJECT_VERSION = 1;
				GENERATE_INFOPLIST_FILE = YES;
				INFOPLIST_FILE = SortApp/Info.plist;
				INFOPLIST_KEY_UIApplicationSupportsIndirectInputEvents = YES;
				INFOPLIST_KEY_UILaunchStoryboardName = LaunchScreen;
				INFOPLIST_KEY_UIMainStoryboardFile = Main;
				INFOPLIST_KEY_UISupportedInterfaceOrientations_iPad = "UIInterfaceOrientationPortrait UIInterfaceOrientationPortraitUpsideDown UIInterfaceOrientationLandscapeLeft UIInterfaceOrientationLandscapeRight";
				INFOPLIST_KEY_UISupportedInterfaceOrientations_iPhone = "UIInterfaceOrientationPortrait UIInterfaceOrientationLandscapeLeft UIInterfaceOrientationLandscapeRight";
				LD_RUNPATH_SEARCH_PATHS = (
					"$(inherited)",
					"@executable_path/Frameworks",
				);
				MARKETING_VERSION = 1.0;
				PRODUCT_BUNDLE_IDENTIFIER = com.sirikonda.sortapp.SortApp;
				PRODUCT_NAME = "$(TARGET_NAME)";
				SWIFT_EMIT_LOC_STRINGS = YES;
				SWIFT_VERSION = 5.0;
				TARGETED_DEVICE_FAMILY = "1,2";
			};
			name = Release;
		};
		C4F0257E28CABED600FAE1F4 /* Debug */ = {
			isa = XCBuildConfiguration;
			buildSettings = {
				ALWAYS_EMBED_SWIFT_STANDARD_LIBRARIES = YES;
				BUNDLE_LOADER = "$(TEST_HOST)";
				CODE_SIGN_STYLE = Automatic;
				CURRENT_PROJECT_VERSION = 1;
				GENERATE_INFOPLIST_FILE = YES;
				IPHONEOS_DEPLOYMENT_TARGET = 15.5;
				MARKETING_VERSION = 1.0;
				PRODUCT_BUNDLE_IDENTIFIER = com.sirikonda.sortapp.SortAppTests;
				PRODUCT_NAME = "$(TARGET_NAME)";
				SWIFT_EMIT_LOC_STRINGS = NO;
				SWIFT_VERSION = 5.0;
				TARGETED_DEVICE_FAMILY = "1,2";
				TEST_HOST = "$(BUILT_PRODUCTS_DIR)/SortApp.app/SortApp";
			};
			name = Debug;
		};
		C4F0257F28CABED600FAE1F4 /* Release */ = {
			isa = XCBuildConfiguration;
			buildSettings = {
				ALWAYS_EMBED_SWIFT_STANDARD_LIBRARIES = YES;
				BUNDLE_LOADER = "$(TEST_HOST)";
				CODE_SIGN_STYLE = Automatic;
				CURRENT_PROJECT_VERSION = 1;
				GENERATE_INFOPLIST_FILE = YES;
				IPHONEOS_DEPLOYMENT_TARGET = 15.5;
				MARKETING_VERSION = 1.0;
				PRODUCT_BUNDLE_IDENTIFIER = com.sirikonda.sortapp.SortAppTests;
				PRODUCT_NAME = "$(TARGET_NAME)";
				SWIFT_EMIT_LOC_STRINGS = NO;
				SWIFT_VERSION = 5.0;
				TARGETED_DEVICE_FAMILY = "1,2";
				TEST_HOST = "$(BUILT_PRODUCTS_DIR)/SortApp.app/SortApp";
			};
			name = Release;
		};
		C4F0258128CABED600FAE1F4 /* Debug */ = {
			isa = XCBuildConfiguration;
			buildSettings = {
				ALWAYS_EMBED_SWIFT_STANDARD_LIBRARIES = YES;
				CODE_SIGN_STYLE = Automatic;
				CURRENT_PROJECT_VERSION = 1;
				GENERATE_INFOPLIST_FILE = YES;
				MARKETING_VERSION = 1.0;
				PRODUCT_BUNDLE_IDENTIFIER = com.sirikonda.sortapp.SortAppUITests;
				PRODUCT_NAME = "$(TARGET_NAME)";
				SWIFT_EMIT_LOC_STRINGS = NO;
				SWIFT_VERSION = 5.0;
				TARGETED_DEVICE_FAMILY = "1,2";
				TEST_TARGET_NAME = SortApp;
			};
			name = Debug;
		};
		C4F0258228CABED600FAE1F4 /* Release */ = {
			isa = XCBuildConfiguration;
			buildSettings = {
				ALWAYS_EMBED_SWIFT_STANDARD_LIBRARIES = YES;
				CODE_SIGN_STYLE = Automatic;
				CURRENT_PROJECT_VERSION = 1;
				GENERATE_INFOPLIST_FILE = YES;
				MARKETING_VERSION = 1.0;
				PRODUCT_BUNDLE_IDENTIFIER = com.sirikonda.sortapp.SortAppUITests;
				PRODUCT_NAME = "$(TARGET_NAME)";
				SWIFT_EMIT_LOC_STRINGS = NO;
				SWIFT_VERSION = 5.0;
				TARGETED_DEVICE_FAMILY = "1,2";
				TEST_TARGET_NAME = SortApp;
			};
			name = Release;
		};
/* End XCBuildConfiguration section */

/* Begin XCConfigurationList section */
		C4F0254B28CABED200FAE1F4 /* Build configuration list for PBXProject "SortApp" */ = {
			isa = XCConfigurationList;
			buildConfigurations = (
				C4F0257828CABED600FAE1F4 /* Debug */,
				C4F0257928CABED600FAE1F4 /* Release */,
			);
			defaultConfigurationIsVisible = 0;
			defaultConfigurationName = Release;
		};
		C4F0257A28CABED600FAE1F4 /* Build configuration list for PBXNativeTarget "SortApp" */ = {
			isa = XCConfigurationList;
			buildConfigurations = (
				C4F0257B28CABED600FAE1F4 /* Debug */,
				C4F0257C28CABED600FAE1F4 /* Release */,
			);
			defaultConfigurationIsVisible = 0;
			defaultConfigurationName = Release;
		};
		C4F0257D28CABED600FAE1F4 /* Build configuration list for PBXNativeTarget "SortAppTests" */ = {
			isa = XCConfigurationList;
			buildConfigurations = (
				C4F0257E28CABED600FAE1F4 /* Debug */,
				C4F0257F28CABED600FAE1F4 /* Release */,
			);
			defaultConfigurationIsVisible = 0;
			defaultConfigurationName = Release;
		};
		C4F0258028CABED600FAE1F4 /* Build configuration list for PBXNativeTarget "SortAppUITests" */ = {
			isa = XCConfigurationList;
			buildConfigurations = (
				C4F0258128CABED600FAE1F4 /* Debug */,
				C4F0258228CABED600FAE1F4 /* Release */,
			);
			defaultConfigurationIsVisible = 0;
			defaultConfigurationName = Release;
		};
/* End XCConfigurationList section */
	};
	rootObject = C4F0254828CABED200FAE1F4 /* Project object */;
}
